<?xml version="1.0" encoding="utf-8"?>
<Project ToolsVersion="4.0" xmlns="http://schemas.microsoft.com/developer/msbuild/2003">
  <ItemGroup>
    <Filter Include="Source Files">
      <UniqueIdentifier>{4FC737F1-C7A5-4376-A066-2A32D752A2FF}</UniqueIdentifier>
      <Extensions>cpp;c;cc;cxx;def;odl;idl;hpj;bat;asm;asmx</Extensions>
    </Filter>
    <Filter Include="Header Files">
      <UniqueIdentifier>{93995380-89BD-4b04-88EB-625FBE52EBFB}</UniqueIdentifier>
      <Extensions>h;hpp;hxx;hm;inl;inc;xsd</Extensions>
    </Filter>
    <Filter Include="Resource Files">
      <UniqueIdentifier>{67DA6AB6-F800-4c08-8B7A-83BB121AAD01}</UniqueIdentifier>
      <Extensions>rc;ico;cur;bmp;dlg;rc2;rct;bin;rgs;gif;jpg;jpeg;jpe;resx;tiff;tif;png;wav</Extensions>
    </Filter>
    <Filter Include="Library">
      <UniqueIdentifier>{0b228775-282a-4cf3-9423-ec4616ade87a}</UniqueIdentifier>
    </Filter>
    <Filter Include="Library\Graphics">
      <UniqueIdentifier>{9f94be24-e1f8-4315-968e-c8427eb10db6}</UniqueIdentifier>
    </Filter>
    <Filter Include="Library\exceptions">
      <UniqueIdentifier>{0c74c145-de2e-4bd0-a197-88e948f3b51a}</UniqueIdentifier>
    </Filter>
    <Filter Include="Library\Space-Time">
      <UniqueIdentifier>{d2f00d9d-6ded-4cd5-84e1-9790c9a8b9b5}</UniqueIdentifier>
    </Filter>
    <Filter Include="Library\Space-Time\Vector2D">
      <UniqueIdentifier>{f061c844-8a21-4106-a1be-50ede15cad42}</UniqueIdentifier>
    </Filter>
    <Filter Include="Library\Space-Time\Vector3D">
      <UniqueIdentifier>{9e665c73-5f8e-4b9e-b15f-c481b4334def}</UniqueIdentifier>
    </Filter>
    <Filter Include="Library\Space-Time\TimePoint">
      <UniqueIdentifier>{52d43ad3-0cfa-45db-9876-c0c6773aa5ea}</UniqueIdentifier>
    </Filter>
    <Filter Include="Library\Space-Time\Line2D">
      <UniqueIdentifier>{3df37198-e0c7-48ff-981f-da846562d67f}</UniqueIdentifier>
    </Filter>
    <Filter Include="Library\Direct Input">
      <UniqueIdentifier>{ac666d57-4a47-43cb-8fe0-d9c956420ee2}</UniqueIdentifier>
    </Filter>
    <Filter Include="Library\Direct Input\mouse and keyboard">
      <UniqueIdentifier>{bd803d3d-ff2b-4e97-8b82-f90e331aa8d8}</UniqueIdentifier>
    </Filter>
    <Filter Include="Library\Color">
      <UniqueIdentifier>{5130d0fd-a7b2-40da-bd54-c0d58d210877}</UniqueIdentifier>
    </Filter>
    <Filter Include="Library\CPU clock">
      <UniqueIdentifier>{f270714f-5521-4886-9a7e-d84f4be0025e}</UniqueIdentifier>
    </Filter>
    <Filter Include="Library\windows">
      <UniqueIdentifier>{891af617-e7d8-4e6b-b3f0-b2a9fca6236d}</UniqueIdentifier>
    </Filter>
  </ItemGroup>
  <ItemGroup>
    <ClCompile Include="main.cpp">
      <Filter>Source Files</Filter>
    </ClCompile>
    <ClCompile Include="..\..\Unsorted\CPU clock.cpp">
      <Filter>Library</Filter>
    </ClCompile>
    <ClCompile Include="..\..\Unsorted\Graphics\glut window.cpp">
      <Filter>Library\Graphics</Filter>
    </ClCompile>
    <ClCompile Include="..\..\Unsorted\Graphics\QuadricSurfaceDescriptor.cpp">
      <Filter>Library\Graphics</Filter>
    </ClCompile>
    <ClCompile Include="..\..\Unsorted\exceptions\Exceptions.cpp">
      <Filter>Library\exceptions</Filter>
    </ClCompile>
    <ClCompile Include="..\..\Unsorted\Direct Input\Device Wrapper.cpp">
      <Filter>Library\Direct Input</Filter>
    </ClCompile>
    <ClCompile Include="..\..\Unsorted\direct input\direct input common.cpp">
      <Filter>Library\Direct Input</Filter>
    </ClCompile>
    <ClCompile Include="..\..\Unsorted\Direct Input\mouse and keyboard\EventDispatcher.cpp">
      <Filter>Library\Direct Input\mouse and keyboard</Filter>
    </ClCompile>
    <ClCompile Include="..\..\Unsorted\windows\windows common.cpp">
      <Filter>Library\windows</Filter>
    </ClCompile>
  </ItemGroup>
  <ItemGroup>
    <ClInclude Include="..\..\Unsorted\algorithms.h">
      <Filter>Library</Filter>
    </ClInclude>
    <ClInclude Include="..\..\Unsorted\Color.h">
      <Filter>Library</Filter>
    </ClInclude>
    <ClInclude Include="..\..\Unsorted\CPU clock.h">
      <Filter>Library</Filter>
    </ClInclude>
    <ClInclude Include="..\..\Unsorted\utility.h">
      <Filter>Library</Filter>
    </ClInclude>
    <ClInclude Include="..\..\Unsorted\Graphics\DisplayList.h">
      <Filter>Library\Graphics</Filter>
    </ClInclude>
    <ClInclude Include="..\..\Unsorted\Graphics\glut window.h">
      <Filter>Library\Graphics</Filter>
    </ClInclude>
    <ClInclude Include="..\..\Unsorted\Graphics\OpenGL engine.h">
      <Filter>Library\Graphics</Filter>
    </ClInclude>
    <ClInclude Include="..\..\Unsorted\Graphics\QuadricSurfaceDescriptor.h">
      <Filter>Library\Graphics</Filter>
    </ClInclude>
    <ClInclude Include="..\..\Unsorted\Graphics\RotationIndicator.h">
      <Filter>Library\Graphics</Filter>
    </ClInclude>
    <ClInclude Include="..\..\Unsorted\Graphics\SquareGrid.h">
      <Filter>Library\Graphics</Filter>
    </ClInclude>
    <ClInclude Include="..\..\Unsorted\exceptions\Exceptions.h">
      <Filter>Library\exceptions</Filter>
    </ClInclude>
    <ClInclude Include="..\..\Unsorted\Space-Time\Line2D.h">
      <Filter>Library\Space-Time</Filter>
    </ClInclude>
    <ClInclude Include="..\..\Unsorted\Space-Time\TimePoint.h">
      <Filter>Library\Space-Time</Filter>
    </ClInclude>
    <ClInclude Include="..\..\Unsorted\Space-Time\Vector2D.h">
      <Filter>Library\Space-Time</Filter>
    </ClInclude>
    <ClInclude Include="..\..\Unsorted\Space-Time\Vector3D.h">
      <Filter>Library\Space-Time</Filter>
    </ClInclude>
    <ClInclude Include="..\..\Unsorted\Space-Time\Vector2D\operators.h">
      <Filter>Library\Space-Time\Vector2D</Filter>
    </ClInclude>
    <ClInclude Include="..\..\Unsorted\Space-Time\Vector3D\operators.h">
      <Filter>Library\Space-Time\Vector3D</Filter>
    </ClInclude>
    <ClInclude Include="..\..\Unsorted\Space-Time\TimePoint\Unit.h">
      <Filter>Library\Space-Time\TimePoint</Filter>
    </ClInclude>
    <ClInclude Include="..\..\Unsorted\Space-Time\Line2D\global functions.h">
      <Filter>Library\Space-Time\Line2D</Filter>
    </ClInclude>
    <ClInclude Include="..\..\Unsorted\Space-Time\Line2D\setters and getters.h">
      <Filter>Library\Space-Time\Line2D</Filter>
    </ClInclude>
    <ClInclude Include="..\..\Unsorted\direct input\common.h">
      <Filter>Library\Direct Input</Filter>
    </ClInclude>
    <ClInclude Include="..\..\Unsorted\Direct Input\Device Wrapper.h">
      <Filter>Library\Direct Input</Filter>
    </ClInclude>
    <ClInclude Include="..\..\Unsorted\Direct Input\Digitizer Wrapper.h">
      <Filter>Library\Direct Input</Filter>
    </ClInclude>
    <ClInclude Include="..\..\Unsorted\Direct Input\DirectInput Wrapper.h">
      <Filter>Library\Direct Input</Filter>
    </ClInclude>
    <ClInclude Include="..\..\Unsorted\Direct Input\Keyboard Wrapper.h">
      <Filter>Library\Direct Input</Filter>
    </ClInclude>
    <ClInclude Include="..\..\Unsorted\Direct Input\Mouse Wrapper.h">
      <Filter>Library\Direct Input</Filter>
    </ClInclude>
    <ClInclude Include="..\..\Unsorted\Direct Input\mouse and keyboard\EventDispatcher.h">
      <Filter>Library\Direct Input\mouse and keyboard</Filter>
    </ClInclude>
    <ClInclude Include="..\..\Unsorted\Color\complement.h">
      <Filter>Library\Color</Filter>
    </ClInclude>
    <ClInclude Include="..\..\Unsorted\Color\inRange.h">
      <Filter>Library\Color</Filter>
    </ClInclude>
    <ClInclude Include="..\..\Unsorted\Color\max.h">
      <Filter>Library\Color</Filter>
    </ClInclude>
    <ClInclude Include="..\..\Unsorted\Color\min.h">
      <Filter>Library\Color</Filter>
    </ClInclude>
    <ClInclude Include="..\..\Unsorted\Color\operators.h">
      <Filter>Library\Color</Filter>
    </ClInclude>
    <ClInclude Include="..\..\Unsorted\CPU clock\Unit.h">
      <Filter>Library\CPU clock</Filter>
    </ClInclude>
    <ClInclude Include="..\..\Unsorted\windows\common.h">
      <Filter>Library\windows</Filter>
    </ClInclude>
  </ItemGroup>
  <ItemGroup>
    <None Include="ClassDiagram.cd" />
  </ItemGroup>
</Project>